
Microsoft Visual Studio Solution File, Format Version 12.00
# Visual Studio Version 17
VisualStudioVersion = 17.11.35219.272
MinimumVisualStudioVersion = 10.0.40219.1
Project("{FAE04EC0-301F-11D3-BF4B-00C04F79EFBC}") = "BookStoreService", "BookStoreService\BookStoreService.csproj", "{9B8EF5AC-CD71-4565-9A99-4DF0973EEC4C}"
EndProject
Project("{FAE04EC0-301F-11D3-BF4B-00C04F79EFBC}") = "BookStoreService.Tests", "BookStoreService.Tests\BookStoreService.Tests.csproj", "{6E9D1038-FF8E-4F50-AEDB-F0E260282924}"
EndProject
Global
	GlobalSection(SolutionConfigurationPlatforms) = preSolution
		Debug|Any CPU = Debug|Any CPU
		Release|Any CPU = Release|Any CPU
	EndGlobalSection
	GlobalSection(ProjectConfigurationPlatforms) = postSolution
		{9B8EF5AC-CD71-4565-9A99-4DF0973EEC4C}.Debug|Any CPU.ActiveCfg = Debug|Any CPU
		{9B8EF5AC-CD71-4565-9A99-4DF0973EEC4C}.Debug|Any CPU.Build.0 = Debug|Any CPU
		{9B8EF5AC-CD71-4565-9A99-4DF0973EEC4C}.Release|Any CPU.ActiveCfg = Release|Any CPU
		{9B8EF5AC-CD71-4565-9A99-4DF0973EEC4C}.Release|Any CPU.Build.0 = Release|Any CPU
		{6E9D1038-FF8E-4F50-AEDB-F0E260282924}.Debug|Any CPU.ActiveCfg = Debug|Any CPU
		{6E9D1038-FF8E-4F50-AEDB-F0E260282924}.Debug|Any CPU.Build.0 = Debug|Any CPU
		{6E9D1038-FF8E-4F50-AEDB-F0E260282924}.Release|Any CPU.ActiveCfg = Release|Any CPU
		{6E9D1038-FF8E-4F50-AEDB-F0E260282924}.Release|Any CPU.Build.0 = Release|Any CPU
	EndGlobalSection
	GlobalSection(SolutionProperties) = preSolution
		HideSolutionNode = FALSE
	EndGlobalSection
	GlobalSection(ExtensibilityGlobals) = postSolution
		SolutionGuid = {2D314C26-EE0A-4711-B96B-BC57EBB9BB5E}
	EndGlobalSection
EndGlobal
